// !$*UTF8*$!
{
	archiveVersion = 1;
	classes = {
	};
	objectVersion = 77;
	objects = {

/* Begin PBXContainerItemProxy section */
		0A1B2C3D4E5F60718293A410 /* PBXContainerItemProxy */ = {
			isa = PBXContainerItemProxy;
			containerPortal = 0A1B2C3D4E5F60718293A401 /* Project object */;
			proxyType = 1;
			remoteGlobalIDString = 0A1B2C3D4E5F60718293A408;
			remoteInfo = Patrimonio;
		};
/* End PBXContainerItemProxy section */

/* Begin PBXFileReference section */
		0A1B2C3D4E5F60718293A404 /* Patrimonio.app */ = {isa = PBXFileReference; explicitFileType = wrapper.application; includeInIndex = 0; path = Patrimonio.app; sourceTree = BUILT_PRODUCTS_DIR; };
		0A1B2C3D4E5F60718293A405 /* PatrimonioTests.xctest */ = {isa = PBXFileReference; explicitFileType = wrapper.cfbundle; includeInIndex = 0; path = PatrimonioTests.xctest; sourceTree = BUILT_PRODUCTS_DIR; };
/* End PBXFileReference section */

/* Begin PBXFileSystemSynchronizedRootGroup section */
		0A1B2C3D4E5F60718293A406 /* Patrimonio */ = {
			isa = PBXFileSystemSynchronizedRootGroup;
			path = Patrimonio;
			sourceTree = "<group>";
		};
		0A1B2C3D4E5F60718293A407 /* PatrimonioTests */ = {
			isa = PBXFileSystemSynchronizedRootGroup;
			path = PatrimonioTests;
			sourceTree = "<group>";
		};
/* End PBXFileSystemSynchronizedRootGroup section */

/* Begin PBXFrameworksBuildPhase section */
		0A1B2C3D4E5F60718293A40B /* Frameworks */ = {
			isa = PBXFrameworksBuildPhase;
			buildActionMask = 2147483647;
			files = (
			);
			runOnlyForDeploymentPostprocessing = 0;
		};
		0A1B2C3D4E5F60718293A40E /* Frameworks */ = {
			isa = PBXFrameworksBuildPhase;
			buildActionMask = 2147483647;
			files = (
			);
			runOnlyForDeploymentPostprocessing = 0;
		};
/* End PBXFrameworksBuildPhase section */

/* Begin PBXGroup section */
		0A1B2C3D4E5F60718293A402 = {
			isa = PBXGroup;
			children = (
				0A1B2C3D4E5F60718293A406 /* Patrimonio */,
				0A1B2C3D4E5F60718293A407 /* PatrimonioTests */,
				0A1B2C3D4E5F60718293A403 /* Products */,
			);
			sourceTree = "<group>";
		};
		0A1B2C3D4E5F60718293A403 /* Products */ = {
			isa = PBXGroup;
			children = (
				0A1B2C3D4E5F60718293A404 /* Patrimonio.app */,
				0A1B2C3D4E5F60718293A405 /* PatrimonioTests.xctest */,
			);
			name = Products;
			sourceTree = "<group>";
		};
/* End PBXGroup section */

/* Begin PBXNativeTarget section */
		0A1B2C3D4E5F60718293A408 /* Patrimonio */ = {
			isa = PBXNativeTarget;
			buildConfigurationList = 0A1B2C3D4E5F60718293A413 /* Build configuration list for PBXNativeTarget "Patrimonio" */;
			buildPhases = (
				0A1B2C3D4E5F60718293A40A /* Sources */,
				0A1B2C3D4E5F60718293A40B /* Frameworks */,
				0A1B2C3D4E5F60718293A40C /* Resources */,
			);
			buildRules = (
			);
			dependencies = (
			);
			fileSystemSynchronizedGroups = (
				0A1B2C3D4E5F60718293A406 /* Patrimonio */,
			);
			name = Patrimonio;
			packageProductDependencies = (
			);
			productName = Patrimonio;
			productReference = 0A1B2C3D4E5F60718293A404 /* Patrimonio.app */;
			productType = "com.apple.product-type.application";
		};
		0A1B2C3D4E5F60718293A409 /* PatrimonioTests */ = {
			isa = PBXNativeTarget;
			buildConfigurationList = 0A1B2C3D4E5F60718293A414 /* Build configuration list for PBXNativeTarget "PatrimonioTests" */;
			buildPhases = (
				0A1B2C3D4E5F60718293A40D /* Sources */,
				0A1B2C3D4E5F60718293A40E /* Frameworks */,
				0A1B2C3D4E5F60718293A40F /* Resources */,
			);
			buildRules = (
			);
			dependencies = (
				0A1B2C3D4E5F60718293A411 /* PBXTargetDependency */,
			);
			fileSystemSynchronizedGroups = (
				0A1B2C3D4E5F60718293A407 /* PatrimonioTests */,
			);
			name = PatrimonioTests;
			packageProductDependencies = (
			);
			productName = PatrimonioTests;
			productReference = 0A1B2C3D4E5F60718293A405 /* PatrimonioTests.xctest */;
			productType = "com.apple.product-type.bundle.unit-test";
		};
/* End PBXNativeTarget section */

/* Begin PBXProject section */
		0A1B2C3D4E5F60718293A401 /* Project object */ = {
			isa = PBXProject;
			attributes = {
				BuildIndependentTargetsInParallel = 1;
				LastSwiftUpdateCheck = 1600;
				LastUpgradeCheck = 1600;
				TargetAttributes = {
					0A1B2C3D4E5F60718293A408 = {
						CreatedOnToolsVersion = 16.0;
					};
					0A1B2C3D4E5F60718293A409 = {
						CreatedOnToolsVersion = 16.0;
						TestTargetID = 0A1B2C3D4E5F60718293A408;
					};
				};
			};
			buildConfigurationList = 0A1B2C3D4E5F60718293A412 /* Build configuration list for PBXProject "Patrimonio" */;
			developmentRegion = "pt-BR";
			hasScannedForEncodings = 0;
			knownRegions = (
				Base,
				"pt-BR",
			);
			mainGroup = 0A1B2C3D4E5F60718293A402;
			minimizedProjectReferenceProxies = 1;
			preferredProjectObjectVersion = 77;
			productRefGroup = 0A1B2C3D4E5F60718293A403 /* Products */;
			projectDirPath = "";
			projectRoot = "";
			targets = (
				0A1B2C3D4E5F60718293A408 /* Patrimonio */,
				0A1B2C3D4E5F60718293A409 /* PatrimonioTests */,
			);
		};
/* End PBXProject section */

/* Begin PBXResourcesBuildPhase section */
		0A1B2C3D4E5F60718293A40C /* Resources */ = {
			isa = PBXResourcesBuildPhase;
			buildActionMask = 2147483647;
			files = (
			);
			runOnlyForDeploymentPostprocessing = 0;
		};
		0A1B2C3D4E5F60718293A40F /* Resources */ = {
			isa = PBXResourcesBuildPhase;
			buildActionMask = 2147483647;
			files = (
			);
			runOnlyForDeploymentPostprocessing = 0;
		};
/* End PBXResourcesBuildPhase section */

/* Begin PBXSourcesBuildPhase section */
		0A1B2C3D4E5F60718293A40A /* Sources */ = {
			isa = PBXSourcesBuildPhase;
			buildActionMask = 2147483647;
			files = (
			);
			runOnlyForDeploymentPostprocessing = 0;
		};
		0A1B2C3D4E5F60718293A40D /* Sources */ = {
			isa = PBXSourcesBuildPhase;
			buildActionMask = 2147483647;
			files = (
			);
			runOnlyForDeploymentPostprocessing = 0;
		};
/* End PBXSourcesBuildPhase section */

/* Begin PBXTargetDependency section */
		0A1B2C3D4E5F60718293A411 /* PBXTargetDependency */ = {
			isa = PBXTargetDependency;
			target = 0A1B2C3D4E5F60718293A408 /* Patrimonio */;
			targetProxy = 0A1B2C3D4E5F60718293A410 /* PBXContainerItemProxy */;
		};
/* End PBXTargetDependency section */

/* Begin XCBuildConfiguration section */
		0A1B2C3D4E5F60718293A415 /* Debug */ = {
			isa = XCBuildConfiguration;
			buildSettings = {
				ALWAYS_SEARCH_USER_PATHS = NO;
				ASSETCATALOG_COMPILER_GENERATE_SWIFT_ASSET_SYMBOL_EXTENSIONS = YES;
				CLANG_ANALYZER_NONNULL = YES;
				CLANG_CXX_LANGUAGE_STANDARD = "gnu++20";
				CLANG_ENABLE_MODULES = YES;
				CLANG_ENABLE_OBJC_ARC = YES;
				COPY_PHASE_STRIP = NO;
				ENABLE_STRICT_OBJC_MSGSEND = YES;
				ENABLE_USER_SCRIPT_SANDBOXING = YES;
				GCC_C_LANGUAGE_STANDARD = gnu17;
				GCC_NO_COMMON_BLOCKS = YES;
				IPHONEOS_DEPLOYMENT_TARGET = 17.0;
				LOCALIZATION_PREFERS_STRING_CATALOGS = YES;
				MTL_FAST_MATH = YES;
				SDKROOT = iphoneos;
				DEBUG_INFORMATION_FORMAT = dwarf;
				ENABLE_TESTABILITY = YES;
				GCC_DYNAMIC_NO_PIC = NO;
				GCC_OPTIMIZATION_LEVEL = 0;
				GCC_PREPROCESSOR_DEFINITIONS = (
					"DEBUG=1",
					"$(inherited)",
				);
				MTL_ENABLE_DEBUG_INFO = INCLUDE_SOURCE;
				ONLY_ACTIVE_ARCH = YES;
				SWIFT_ACTIVE_COMPILATION_CONDITIONS = "DEBUG $(inherited)";
				SWIFT_OPTIMIZATION_LEVEL = "-Onone";
			};
			name = Debug;
		};
		0A1B2C3D4E5F60718293A416 /* Release */ = {
			isa = XCBuildConfiguration;
			buildSettings = {
				ALWAYS_SEARCH_USER_PATHS = NO;
				ASSETCATALOG_COMPILER_GENERATE_SWIFT_ASSET_SYMBOL_EXTENSIONS = YES;
				CLANG_ANALYZER_NONNULL = YES;
				CLANG_CXX_LANGUAGE_STANDARD = "gnu++20";
				CLANG_ENABLE_MODULES = YES;
				CLANG_ENABLE_OBJC_ARC = YES;
				COPY_PHASE_STRIP = NO;
				ENABLE_STRICT_OBJC_MSGSEND = YES;
				ENABLE_USER_SCRIPT_SANDBOXING = YES;
				GCC_C_LANGUAGE_STANDARD = gnu17;
				GCC_NO_COMMON_BLOCKS = YES;
				IPHONEOS_DEPLOYMENT_TARGET = 17.0;
				LOCALIZATION_PREFERS_STRING_CATALOGS = YES;
				MTL_FAST_MATH = YES;
				SDKROOT = iphoneos;
				DEBUG_INFORMATION_FORMAT = "dwarf-with-dsym";
				ENABLE_NS_ASSERTIONS = NO;
				MTL_ENABLE_DEBUG_INFO = NO;
				SWIFT_COMPILATION_MODE = wholemodule;
				VALIDATE_PRODUCT = YES;
			};
			name = Release;
		};
		0A1B2C3D4E5F60718293A417 /* Debug */ = {
			isa = XCBuildConfiguration;
			buildSettings = {
				ASSETCATALOG_COMPILER_APPICON_NAME = AppIcon;
				ASSETCATALOG_COMPILER_GLOBAL_ACCENT_COLOR_NAME = AccentColor;
				CODE_SIGN_STYLE = Automatic;
				CURRENT_PROJECT_VERSION = 1;
				DEVELOPMENT_TEAM = "";
				ENABLE_PREVIEWS = YES;
				GENERATE_INFOPLIST_FILE = YES;
				INFOPLIST_KEY_CFBundleDisplayName = "Patrimônio";
				INFOPLIST_KEY_LSApplicationCategoryType = "public.app-category.finance";
				INFOPLIST_KEY_NSFaceIDUsageDescription = "Usamos o Face ID para proteger seus dados financeiros.";
				INFOPLIST_KEY_UIApplicationSceneManifest_Generation = YES;
				INFOPLIST_KEY_UIApplicationSupportsIndirectInputEvents = YES;
				INFOPLIST_KEY_UILaunchScreen_Generation = YES;
				INFOPLIST_KEY_UISupportedInterfaceOrientations_iPad = "UIInterfaceOrientationPortrait UIInterfaceOrientationPortraitUpsideDown UIInterfaceOrientationLandscapeLeft UIInterfaceOrientationLandscapeRight";
				INFOPLIST_KEY_UISupportedInterfaceOrientations_iPhone = UIInterfaceOrientationPortrait;
				INFOPLIST_KEY_UISupportsDocumentBrowser = NO;
				LD_RUNPATH_SEARCH_PATHS = (
					"$(inherited)",
					"@executable_path/Frameworks",
				);
				MARKETING_VERSION = 1.0;
				PRODUCT_BUNDLE_IDENTIFIER = br.com.patrimonio.app;
				PRODUCT_NAME = "$(TARGET_NAME)";
				SWIFT_EMIT_LOC_STRINGS = YES;
				SWIFT_VERSION = 5.0;
				TARGETED_DEVICE_FAMILY = "1,2";
			};
			name = Debug;
		};
		0A1B2C3D4E5F60718293A418 /* Release */ = {
			isa = XCBuildConfiguration;
			buildSettings = {
				ASSETCATALOG_COMPILER_APPICON_NAME = AppIcon;
				ASSETCATALOG_COMPILER_GLOBAL_ACCENT_COLOR_NAME = AccentColor;
				CODE_SIGN_STYLE = Automatic;
				CURRENT_PROJECT_VERSION = 1;
				DEVELOPMENT_TEAM = "";
				ENABLE_PREVIEWS = YES;
				GENERATE_INFOPLIST_FILE = YES;
				INFOPLIST_KEY_CFBundleDisplayName = "Patrimônio";
				INFOPLIST_KEY_LSApplicationCategoryType = "public.app-category.finance";
				INFOPLIST_KEY_NSFaceIDUsageDescription = "Usamos o Face ID para proteger seus dados financeiros.";
				INFOPLIST_KEY_UIApplicationSceneManifest_Generation = YES;
				INFOPLIST_KEY_UIApplicationSupportsIndirectInputEvents = YES;
				INFOPLIST_KEY_UILaunchScreen_Generation = YES;
				INFOPLIST_KEY_UISupportedInterfaceOrientations_iPad = "UIInterfaceOrientationPortrait UIInterfaceOrientationPortraitUpsideDown UIInterfaceOrientationLandscapeLeft UIInterfaceOrientationLandscapeRight";
				INFOPLIST_KEY_UISupportedInterfaceOrientations_iPhone = UIInterfaceOrientationPortrait;
				INFOPLIST_KEY_UISupportsDocumentBrowser = NO;
				LD_RUNPATH_SEARCH_PATHS = (
					"$(inherited)",
					"@executable_path/Frameworks",
				);
				MARKETING_VERSION = 1.0;
				PRODUCT_BUNDLE_IDENTIFIER = br.com.patrimonio.app;
				PRODUCT_NAME = "$(TARGET_NAME)";
				SWIFT_EMIT_LOC_STRINGS = YES;
				SWIFT_VERSION = 5.0;
				TARGETED_DEVICE_FAMILY = "1,2";
			};
			name = Release;
		};
		0A1B2C3D4E5F60718293A419 /* Debug */ = {
			isa = XCBuildConfiguration;
			buildSettings = {
				BUNDLE_LOADER = "$(TEST_HOST)";
				CODE_SIGN_STYLE = Automatic;
				CURRENT_PROJECT_VERSION = 1;
				GENERATE_INFOPLIST_FILE = YES;
				MARKETING_VERSION = 1.0;
				PRODUCT_BUNDLE_IDENTIFIER = br.com.patrimonio.tests;
				PRODUCT_NAME = "$(TARGET_NAME)";
				SWIFT_EMIT_LOC_STRINGS = NO;
				SWIFT_VERSION = 5.0;
				TARGETED_DEVICE_FAMILY = "1,2";
				TEST_HOST = "$(BUILT_PRODUCTS_DIR)/Patrimonio.app/$(BUNDLE_EXECUTABLE_FOLDER_PATH)/Patrimonio";
			};
			name = Debug;
		};
		0A1B2C3D4E5F60718293A41A /* Release */ = {
			isa = XCBuildConfiguration;
			buildSettings = {
				BUNDLE_LOADER = "$(TEST_HOST)";
				CODE_SIGN_STYLE = Automatic;
				CURRENT_PROJECT_VERSION = 1;
				GENERATE_INFOPLIST_FILE = YES;
				MARKETING_VERSION = 1.0;
				PRODUCT_BUNDLE_IDENTIFIER = br.com.patrimonio.tests;
				PRODUCT_NAME = "$(TARGET_NAME)";
				SWIFT_EMIT_LOC_STRINGS = NO;
				SWIFT_VERSION = 5.0;
				TARGETED_DEVICE_FAMILY = "1,2";
				TEST_HOST = "$(BUILT_PRODUCTS_DIR)/Patrimonio.app/$(BUNDLE_EXECUTABLE_FOLDER_PATH)/Patrimonio";
			};
			name = Release;
		};
/* End XCBuildConfiguration section */

/* Begin XCConfigurationList section */
		0A1B2C3D4E5F60718293A412 /* Build configuration list for PBXProject "Patrimonio" */ = {
			isa = XCConfigurationList;
			buildConfigurations = (
				0A1B2C3D4E5F60718293A415 /* Debug */,
				0A1B2C3D4E5F60718293A416 /* Release */,
			);
			defaultConfigurationIsVisible = 0;
			defaultConfigurationName = Release;
		};
		0A1B2C3D4E5F60718293A413 /* Build configuration list for PBXNativeTarget "Patrimonio" */ = {
			isa = XCConfigurationList;
			buildConfigurations = (
				0A1B2C3D4E5F60718293A417 /* Debug */,
				0A1B2C3D4E5F60718293A418 /* Release */,
			);
			defaultConfigurationIsVisible = 0;
			defaultConfigurationName = Release;
		};
		0A1B2C3D4E5F60718293A414 /* Build configuration list for PBXNativeTarget "PatrimonioTests" */ = {
			isa = XCConfigurationList;
			buildConfigurations = (
				0A1B2C3D4E5F60718293A419 /* Debug */,
				0A1B2C3D4E5F60718293A41A /* Release */,
			);
			defaultConfigurationIsVisible = 0;
			defaultConfigurationName = Release;
		};
/* End XCConfigurationList section */
	};
	rootObject = 0A1B2C3D4E5F60718293A401 /* Project object */;
}
